
Microsoft Visual Studio Solution File, Format Version 12.00
# Visual Studio 15
VisualStudioVersion = 15.0.28307.489
MinimumVisualStudioVersion = 10.0.40219.1
Project("{FAE04EC0-301F-11D3-BF4B-00C04F79EFBC}") = "Marketo", "Marketo\Marketo.csproj", "{EBB65E5A-BE50-49F6-8E6F-B2845F5A62F2}"
EndProject
Global
	GlobalSection(SolutionConfigurationPlatforms) = preSolution
		Debug|Any CPU = Debug|Any CPU
		Release|Any CPU = Release|Any CPU
	EndGlobalSection
	GlobalSection(ProjectConfigurationPlatforms) = postSolution
		{EBB65E5A-BE50-49F6-8E6F-B2845F5A62F2}.Debug|Any CPU.ActiveCfg = Debug|Any CPU
		{EBB65E5A-BE50-49F6-8E6F-B2845F5A62F2}.Debug|Any CPU.Build.0 = Debug|Any CPU
		{EBB65E5A-BE50-49F6-8E6F-B2845F5A62F2}.Release|Any CPU.ActiveCfg = Release|Any CPU
		{EBB65E5A-BE50-49F6-8E6F-B2845F5A62F2}.Release|Any CPU.Build.0 = Release|Any CPU
	EndGlobalSection
	GlobalSection(SolutionProperties) = preSolution
		HideSolutionNode = FALSE
	EndGlobalSection
	GlobalSection(ExtensibilityGlobals) = postSolution
		SolutionGuid = {23A8F66F-6E24-4EDE-B9FF-484710FC06A7}
	EndGlobalSection
EndGlobal
